
Microsoft Visual Studio Solution File, Format Version 12.00
Project("{FAE04EC0-301F-11D3-BF4B-00C04F79EFBC}") = "Traks", "Traks\Traks.csproj", "{7369C9AD-9A73-43C7-BEFF-2CBE7D9F7536}"
EndProject
Project("{FAE04EC0-301F-11D3-BF4B-00C04F79EFBC}") = "Traks.Tests", "Traks.Tests\Traks.Tests.csproj", "{7F7607DF-7C17-4CBE-85A0-206E8849AAA3}"
EndProject
Project("{FAE04EC0-301F-11D3-BF4B-00C04F79EFBC}") = "Acela", "Acela\Acela\Acela.csproj", "{1B9A6542-9C89-42C6-84C1-A773FA092571}"
EndProject
Project("{FAE04EC0-301F-11D3-BF4B-00C04F79EFBC}") = "Acela.Android", "Acela\Acela.Android\Acela.Android.csproj", "{A51D41ED-9A43-44FE-978B-FDB9F8A55B7D}"
EndProject
Project("{FAE04EC0-301F-11D3-BF4B-00C04F79EFBC}") = "Acela.iOS", "Acela\Acela.iOS\Acela.iOS.csproj", "{593F362D-1B6E-4A37-9702-4B4F21C23507}"
EndProject
Project("{2150E333-8FDC-42A3-9474-1A3956D46DE8}") = "Application", "Application", "{E6C18B3A-FC79-4717-AEE6-A934162EB978}"
EndProject
Project("{2150E333-8FDC-42A3-9474-1A3956D46DE8}") = "Backend", "Backend", "{EC757A9E-AA9F-41E4-8B59-91E8743A0E77}"
EndProject
Global
	GlobalSection(SolutionConfigurationPlatforms) = preSolution
		Debug|Any CPU = Debug|Any CPU
		Release|Any CPU = Release|Any CPU
	EndGlobalSection
	GlobalSection(ProjectConfigurationPlatforms) = postSolution
		{7369C9AD-9A73-43C7-BEFF-2CBE7D9F7536}.Debug|Any CPU.ActiveCfg = Debug|Any CPU
		{7369C9AD-9A73-43C7-BEFF-2CBE7D9F7536}.Debug|Any CPU.Build.0 = Debug|Any CPU
		{7369C9AD-9A73-43C7-BEFF-2CBE7D9F7536}.Release|Any CPU.ActiveCfg = Release|Any CPU
		{7369C9AD-9A73-43C7-BEFF-2CBE7D9F7536}.Release|Any CPU.Build.0 = Release|Any CPU
		{7F7607DF-7C17-4CBE-85A0-206E8849AAA3}.Debug|Any CPU.ActiveCfg = Debug|Any CPU
		{7F7607DF-7C17-4CBE-85A0-206E8849AAA3}.Debug|Any CPU.Build.0 = Debug|Any CPU
		{7F7607DF-7C17-4CBE-85A0-206E8849AAA3}.Release|Any CPU.ActiveCfg = Release|Any CPU
		{7F7607DF-7C17-4CBE-85A0-206E8849AAA3}.Release|Any CPU.Build.0 = Release|Any CPU
		{1B9A6542-9C89-42C6-84C1-A773FA092571}.Debug|Any CPU.ActiveCfg = Debug|Any CPU
		{1B9A6542-9C89-42C6-84C1-A773FA092571}.Debug|Any CPU.Build.0 = Debug|Any CPU
		{1B9A6542-9C89-42C6-84C1-A773FA092571}.Release|Any CPU.ActiveCfg = Release|Any CPU
		{1B9A6542-9C89-42C6-84C1-A773FA092571}.Release|Any CPU.Build.0 = Release|Any CPU
		{A51D41ED-9A43-44FE-978B-FDB9F8A55B7D}.Debug|Any CPU.ActiveCfg = Debug|Any CPU
		{A51D41ED-9A43-44FE-978B-FDB9F8A55B7D}.Debug|Any CPU.Build.0 = Debug|Any CPU
		{A51D41ED-9A43-44FE-978B-FDB9F8A55B7D}.Release|Any CPU.ActiveCfg = Release|Any CPU
		{A51D41ED-9A43-44FE-978B-FDB9F8A55B7D}.Release|Any CPU.Build.0 = Release|Any CPU
		{593F362D-1B6E-4A37-9702-4B4F21C23507}.Debug|Any CPU.ActiveCfg = Debug|iPhoneSimulator
		{593F362D-1B6E-4A37-9702-4B4F21C23507}.Debug|Any CPU.Build.0 = Debug|iPhoneSimulator
		{593F362D-1B6E-4A37-9702-4B4F21C23507}.Release|Any CPU.ActiveCfg = Release|iPhoneSimulator
		{593F362D-1B6E-4A37-9702-4B4F21C23507}.Release|Any CPU.Build.0 = Release|iPhoneSimulator
	EndGlobalSection
	GlobalSection(NestedProjects) = preSolution
		{1B9A6542-9C89-42C6-84C1-A773FA092571} = {E6C18B3A-FC79-4717-AEE6-A934162EB978}
		{A51D41ED-9A43-44FE-978B-FDB9F8A55B7D} = {E6C18B3A-FC79-4717-AEE6-A934162EB978}
		{593F362D-1B6E-4A37-9702-4B4F21C23507} = {E6C18B3A-FC79-4717-AEE6-A934162EB978}
		{7369C9AD-9A73-43C7-BEFF-2CBE7D9F7536} = {EC757A9E-AA9F-41E4-8B59-91E8743A0E77}
		{7F7607DF-7C17-4CBE-85A0-206E8849AAA3} = {EC757A9E-AA9F-41E4-8B59-91E8743A0E77}
	EndGlobalSection
EndGlobal
