
Microsoft Visual Studio Solution File, Format Version 12.00
Project("{FAE04EC0-301F-11D3-BF4B-00C04F79EFBC}") = "LogisticsLib", "LogisticsLib\LogisticsLib.csproj", "{B8C93F5D-40CC-4A6E-8D78-3F3DD1D99DE1}"
EndProject
Global
	GlobalSection(SolutionConfigurationPlatforms) = preSolution
		Debug|Any CPU = Debug|Any CPU
		Release|Any CPU = Release|Any CPU
	EndGlobalSection
	GlobalSection(ProjectConfigurationPlatforms) = postSolution
		{B8C93F5D-40CC-4A6E-8D78-3F3DD1D99DE1}.Debug|Any CPU.ActiveCfg = Debug|Any CPU
		{B8C93F5D-40CC-4A6E-8D78-3F3DD1D99DE1}.Debug|Any CPU.Build.0 = Debug|Any CPU
		{B8C93F5D-40CC-4A6E-8D78-3F3DD1D99DE1}.Release|Any CPU.ActiveCfg = Release|Any CPU
		{B8C93F5D-40CC-4A6E-8D78-3F3DD1D99DE1}.Release|Any CPU.Build.0 = Release|Any CPU
	EndGlobalSection
EndGlobal
