Microsoft Visual Studio Solution File, Format Version 12.00
# Visual Studio Version 16
VisualStudioVersion = 16.0.29920.165
MinimumVisualStudioVersion = 15.0.26124.0

Project("{D954291E-2A0B-460D-934E-DC6B0785DB48}") = "Surfliner.Shared", "Surfliner.Shared\Surfliner.Shared.shproj", "{6279C845-92F8-4333-AB99-3D213163593C}"
EndProject

Project("{FAE04EC0-301F-11D3-BF4B-00C04F79EFBC}") = "Surfliner.Droid", "Surfliner.Droid\Surfliner.Droid.csproj", "{d9288b7c-11f5-4d2a-aee2-65781d116729}"
EndProject

Project("{FAE04EC0-301F-11D3-BF4B-00C04F79EFBC}") = "Surfliner.iOS", "Surfliner.iOS\Surfliner.iOS.csproj", "{9cee51b0-9339-4f29-9630-1d8958e2606e}"
EndProject

Project("{FAE04EC0-301F-11D3-BF4B-00C04F79EFBC}") = "Surfliner.Uwp", "Surfliner.UWP\Surfliner.Uwp.csproj", "{8ee5aae3-9379-4443-b2b0-6b0ea00ccdf3}"
EndProject

Project("{9A19103F-16F7-4668-BE54-9A1E7A4F7556}") = "Surfliner.Wasm", "Surfliner.Wasm\Surfliner.Wasm.csproj", "{40EA03F7-8A22-4143-B251-79BAC3EB13D2}"
EndProject

Project("{FCC8D2E7-3137-4432-B623-163BC51B21E7}") = "Surfliner.macOS", "Surfliner.macOS\Surfliner.macOS.csproj", "{ee803d9f-4328-4b39-bca2-bf7a5de2f35c}"
EndProject

Project("{9A19103F-16F7-4668-BE54-9A1E7A4F7556}") = "Surfliner.Skia.Gtk", "Surfliner.Skia.Gtk\Surfliner.Skia.Gtk.csproj", "{A5B8155A-118F-4794-B551-C6F3CF7E5411}"
EndProject

Project("{9A19103F-16F7-4668-BE54-9A1E7A4F7556}") = "Surfliner.Skia.WPF", "Surfliner.Skia.WPF\Surfliner.Skia.WPF.csproj", "{2847de2f-9dc8-44a3-a94f-0bf495eb1055}"
EndProject
Project("{FAE04EC0-301F-11D3-BF4B-00C04F79EFBC}") = "Surfliner.Wpf.Host", "Surfliner.Skia.WPF.Host\Surfliner.Wpf.Host.csproj", "{6CF284A4-22B1-4F05-97F4-F095C07A598E}"
EndProject

Global
	GlobalSection(SharedMSBuildProjectFiles) = preSolution
		Surfliner.Shared\Surfliner.Shared.projitems*{d9288b7c-11f5-4d2a-aee2-65781d116729}*SharedItemsImports = 4
		Surfliner.Shared\Surfliner.Shared.projitems*{ee803d9f-4328-4b39-bca2-bf7a5de2f35c}*SharedItemsImports = 4
		Surfliner.Shared\Surfliner.Shared.projitems*{40ea03f7-8a22-4143-b251-79bac3eb13d2}*SharedItemsImports = 5
		Surfliner.Shared\Surfliner.Shared.projitems*{9cee51b0-9339-4f29-9630-1d8958e2606e}*SharedItemsImports = 4
		Surfliner.Shared\Surfliner.Shared.projitems*{6279c845-92f8-4333-ab99-3d213163593c}*SharedItemsImports = 13
		Surfliner.Shared\Surfliner.Shared.projitems*{8ee5aae3-9379-4443-b2b0-6b0ea00ccdf3}*SharedItemsImports = 4
	EndGlobalSection
	GlobalSection(SolutionConfigurationPlatforms) = preSolution
		Debug|Any CPU = Debug|Any CPU
		Debug|ARM = Debug|ARM
		Debug|ARM64 = Debug|ARM64
		Debug|iPhone = Debug|iPhone
		Debug|iPhoneSimulator = Debug|iPhoneSimulator
		Debug|x64 = Debug|x64
		Debug|x86 = Debug|x86
		Release|Any CPU = Release|Any CPU
		Release|ARM = Release|ARM
		Release|ARM64 = Release|ARM64
		Release|iPhone = Release|iPhone
		Release|iPhoneSimulator = Release|iPhoneSimulator
		Release|x64 = Release|x64
		Release|x86 = Release|x86
	EndGlobalSection
	GlobalSection(ProjectConfigurationPlatforms) = postSolution
		{d9288b7c-11f5-4d2a-aee2-65781d116729}.Debug|Any CPU.ActiveCfg = Debug|Any CPU
		{d9288b7c-11f5-4d2a-aee2-65781d116729}.Debug|Any CPU.Build.0 = Debug|Any CPU
		{d9288b7c-11f5-4d2a-aee2-65781d116729}.Debug|Any CPU.Deploy.0 = Debug|Any CPU
		{d9288b7c-11f5-4d2a-aee2-65781d116729}.Debug|ARM.ActiveCfg = Debug|Any CPU
		{d9288b7c-11f5-4d2a-aee2-65781d116729}.Debug|ARM.Build.0 = Debug|Any CPU
		{d9288b7c-11f5-4d2a-aee2-65781d116729}.Debug|ARM.Deploy.0 = Debug|Any CPU
		{d9288b7c-11f5-4d2a-aee2-65781d116729}.Debug|ARM64.ActiveCfg = Debug|Any CPU
		{d9288b7c-11f5-4d2a-aee2-65781d116729}.Debug|ARM64.Build.0 = Debug|Any CPU
		{d9288b7c-11f5-4d2a-aee2-65781d116729}.Debug|ARM64.Deploy.0 = Debug|Any CPU
		{d9288b7c-11f5-4d2a-aee2-65781d116729}.Debug|iPhone.ActiveCfg = Debug|Any CPU
		{d9288b7c-11f5-4d2a-aee2-65781d116729}.Debug|iPhone.Build.0 = Debug|Any CPU
		{d9288b7c-11f5-4d2a-aee2-65781d116729}.Debug|iPhone.Deploy.0 = Debug|Any CPU
		{d9288b7c-11f5-4d2a-aee2-65781d116729}.Debug|iPhoneSimulator.ActiveCfg = Debug|Any CPU
		{d9288b7c-11f5-4d2a-aee2-65781d116729}.Debug|iPhoneSimulator.Build.0 = Debug|Any CPU
		{d9288b7c-11f5-4d2a-aee2-65781d116729}.Debug|iPhoneSimulator.Deploy.0 = Debug|Any CPU
		{d9288b7c-11f5-4d2a-aee2-65781d116729}.Debug|x64.ActiveCfg = Debug|Any CPU
		{d9288b7c-11f5-4d2a-aee2-65781d116729}.Debug|x64.Build.0 = Debug|Any CPU
		{d9288b7c-11f5-4d2a-aee2-65781d116729}.Debug|x64.Deploy.0 = Debug|Any CPU
		{d9288b7c-11f5-4d2a-aee2-65781d116729}.Debug|x86.ActiveCfg = Debug|Any CPU
		{d9288b7c-11f5-4d2a-aee2-65781d116729}.Debug|x86.Build.0 = Debug|Any CPU
		{d9288b7c-11f5-4d2a-aee2-65781d116729}.Debug|x86.Deploy.0 = Debug|Any CPU
		{d9288b7c-11f5-4d2a-aee2-65781d116729}.Release|Any CPU.ActiveCfg = Release|Any CPU
		{d9288b7c-11f5-4d2a-aee2-65781d116729}.Release|Any CPU.Build.0 = Release|Any CPU
		{d9288b7c-11f5-4d2a-aee2-65781d116729}.Release|Any CPU.Deploy.0 = Release|Any CPU
		{d9288b7c-11f5-4d2a-aee2-65781d116729}.Release|ARM.ActiveCfg = Release|Any CPU
		{d9288b7c-11f5-4d2a-aee2-65781d116729}.Release|ARM.Build.0 = Release|Any CPU
		{d9288b7c-11f5-4d2a-aee2-65781d116729}.Release|ARM.Deploy.0 = Release|Any CPU
		{d9288b7c-11f5-4d2a-aee2-65781d116729}.Release|ARM64.ActiveCfg = Release|Any CPU
		{d9288b7c-11f5-4d2a-aee2-65781d116729}.Release|ARM64.Build.0 = Release|Any CPU
		{d9288b7c-11f5-4d2a-aee2-65781d116729}.Release|ARM64.Deploy.0 = Release|Any CPU
		{d9288b7c-11f5-4d2a-aee2-65781d116729}.Release|iPhone.ActiveCfg = Release|Any CPU
		{d9288b7c-11f5-4d2a-aee2-65781d116729}.Release|iPhone.Build.0 = Release|Any CPU
		{d9288b7c-11f5-4d2a-aee2-65781d116729}.Release|iPhone.Deploy.0 = Release|Any CPU
		{d9288b7c-11f5-4d2a-aee2-65781d116729}.Release|iPhoneSimulator.ActiveCfg = Release|Any CPU
		{d9288b7c-11f5-4d2a-aee2-65781d116729}.Release|iPhoneSimulator.Build.0 = Release|Any CPU
		{d9288b7c-11f5-4d2a-aee2-65781d116729}.Release|iPhoneSimulator.Deploy.0 = Release|Any CPU
		{d9288b7c-11f5-4d2a-aee2-65781d116729}.Release|x64.ActiveCfg = Release|Any CPU
		{d9288b7c-11f5-4d2a-aee2-65781d116729}.Release|x64.Build.0 = Release|Any CPU
		{d9288b7c-11f5-4d2a-aee2-65781d116729}.Release|x64.Deploy.0 = Release|Any CPU
		{d9288b7c-11f5-4d2a-aee2-65781d116729}.Release|x86.ActiveCfg = Release|Any CPU
		{d9288b7c-11f5-4d2a-aee2-65781d116729}.Release|x86.Build.0 = Release|Any CPU
		{d9288b7c-11f5-4d2a-aee2-65781d116729}.Release|x86.Deploy.0 = Release|Any CPU
		{9cee51b0-9339-4f29-9630-1d8958e2606e}.Debug|Any CPU.ActiveCfg = Debug|iPhone
		{9cee51b0-9339-4f29-9630-1d8958e2606e}.Debug|Any CPU.Build.0 = Debug|iPhone
		{9cee51b0-9339-4f29-9630-1d8958e2606e}.Debug|Any CPU.Deploy.0 = Debug|iPhone
		{9cee51b0-9339-4f29-9630-1d8958e2606e}.Debug|ARM.ActiveCfg = Debug|iPhone
		{9cee51b0-9339-4f29-9630-1d8958e2606e}.Debug|ARM64.ActiveCfg = Debug|iPhone
		{9cee51b0-9339-4f29-9630-1d8958e2606e}.Debug|iPhone.ActiveCfg = Debug|iPhone
		{9cee51b0-9339-4f29-9630-1d8958e2606e}.Debug|iPhone.Build.0 = Debug|iPhone
		{9cee51b0-9339-4f29-9630-1d8958e2606e}.Debug|iPhoneSimulator.ActiveCfg = Debug|iPhoneSimulator
		{9cee51b0-9339-4f29-9630-1d8958e2606e}.Debug|iPhoneSimulator.Build.0 = Debug|iPhoneSimulator
		{9cee51b0-9339-4f29-9630-1d8958e2606e}.Debug|x64.ActiveCfg = Debug|iPhone
		{9cee51b0-9339-4f29-9630-1d8958e2606e}.Debug|x64.Build.0 = Debug|iPhone
		{9cee51b0-9339-4f29-9630-1d8958e2606e}.Debug|x64.Deploy.0 = Debug|iPhone
		{9cee51b0-9339-4f29-9630-1d8958e2606e}.Debug|x86.ActiveCfg = Debug|iPhoneSimulator
		{9cee51b0-9339-4f29-9630-1d8958e2606e}.Debug|x86.Build.0 = Debug|iPhoneSimulator
		{9cee51b0-9339-4f29-9630-1d8958e2606e}.Debug|x86.Deploy.0 = Debug|iPhoneSimulator
		{9cee51b0-9339-4f29-9630-1d8958e2606e}.Release|Any CPU.ActiveCfg = Release|iPhone
		{9cee51b0-9339-4f29-9630-1d8958e2606e}.Release|ARM.ActiveCfg = Release|iPhone
		{9cee51b0-9339-4f29-9630-1d8958e2606e}.Release|ARM64.ActiveCfg = Release|iPhone
		{9cee51b0-9339-4f29-9630-1d8958e2606e}.Release|iPhone.ActiveCfg = Release|iPhone
		{9cee51b0-9339-4f29-9630-1d8958e2606e}.Release|iPhone.Build.0 = Release|iPhone
		{9cee51b0-9339-4f29-9630-1d8958e2606e}.Release|iPhoneSimulator.ActiveCfg = Release|iPhoneSimulator
		{9cee51b0-9339-4f29-9630-1d8958e2606e}.Release|iPhoneSimulator.Build.0 = Release|iPhoneSimulator
		{9cee51b0-9339-4f29-9630-1d8958e2606e}.Release|x64.ActiveCfg = Release|iPhoneSimulator
		{9cee51b0-9339-4f29-9630-1d8958e2606e}.Release|x64.Build.0 = Release|iPhoneSimulator
		{9cee51b0-9339-4f29-9630-1d8958e2606e}.Release|x64.Deploy.0 = Release|iPhoneSimulator
		{9cee51b0-9339-4f29-9630-1d8958e2606e}.Release|x86.ActiveCfg = Release|iPhoneSimulator
		{9cee51b0-9339-4f29-9630-1d8958e2606e}.Release|x86.Build.0 = Release|iPhoneSimulator
		{8ee5aae3-9379-4443-b2b0-6b0ea00ccdf3}.Debug|Any CPU.ActiveCfg = Debug|x86
		{8ee5aae3-9379-4443-b2b0-6b0ea00ccdf3}.Debug|Any CPU.Build.0 = Debug|x86
		{8ee5aae3-9379-4443-b2b0-6b0ea00ccdf3}.Debug|Any CPU.Deploy.0 = Debug|x86
		{8ee5aae3-9379-4443-b2b0-6b0ea00ccdf3}.Debug|ARM.ActiveCfg = Debug|ARM
		{8ee5aae3-9379-4443-b2b0-6b0ea00ccdf3}.Debug|ARM.Build.0 = Debug|ARM
		{8ee5aae3-9379-4443-b2b0-6b0ea00ccdf3}.Debug|ARM.Deploy.0 = Debug|ARM
		{8ee5aae3-9379-4443-b2b0-6b0ea00ccdf3}.Debug|ARM64.ActiveCfg = Debug|ARM64
		{8ee5aae3-9379-4443-b2b0-6b0ea00ccdf3}.Debug|ARM64.Build.0 = Debug|ARM64
		{8ee5aae3-9379-4443-b2b0-6b0ea00ccdf3}.Debug|ARM64.Deploy.0 = Debug|ARM64
		{8ee5aae3-9379-4443-b2b0-6b0ea00ccdf3}.Debug|iPhone.ActiveCfg = Debug|x86
		{8ee5aae3-9379-4443-b2b0-6b0ea00ccdf3}.Debug|iPhone.Build.0 = Debug|x86
		{8ee5aae3-9379-4443-b2b0-6b0ea00ccdf3}.Debug|iPhone.Deploy.0 = Debug|x86
		{8ee5aae3-9379-4443-b2b0-6b0ea00ccdf3}.Debug|iPhoneSimulator.ActiveCfg = Debug|x86
		{8ee5aae3-9379-4443-b2b0-6b0ea00ccdf3}.Debug|iPhoneSimulator.Build.0 = Debug|x86
		{8ee5aae3-9379-4443-b2b0-6b0ea00ccdf3}.Debug|iPhoneSimulator.Deploy.0 = Debug|x86
		{8ee5aae3-9379-4443-b2b0-6b0ea00ccdf3}.Debug|x64.ActiveCfg = Debug|x64
		{8ee5aae3-9379-4443-b2b0-6b0ea00ccdf3}.Debug|x64.Build.0 = Debug|x64
		{8ee5aae3-9379-4443-b2b0-6b0ea00ccdf3}.Debug|x64.Deploy.0 = Debug|x64
		{8ee5aae3-9379-4443-b2b0-6b0ea00ccdf3}.Debug|x86.ActiveCfg = Debug|x86
		{8ee5aae3-9379-4443-b2b0-6b0ea00ccdf3}.Debug|x86.Build.0 = Debug|x86
		{8ee5aae3-9379-4443-b2b0-6b0ea00ccdf3}.Debug|x86.Deploy.0 = Debug|x86
		{8ee5aae3-9379-4443-b2b0-6b0ea00ccdf3}.Release|Any CPU.ActiveCfg = Release|x86
		{8ee5aae3-9379-4443-b2b0-6b0ea00ccdf3}.Release|ARM.ActiveCfg = Release|ARM
		{8ee5aae3-9379-4443-b2b0-6b0ea00ccdf3}.Release|ARM.Build.0 = Release|ARM
		{8ee5aae3-9379-4443-b2b0-6b0ea00ccdf3}.Release|ARM.Deploy.0 = Release|ARM
		{8ee5aae3-9379-4443-b2b0-6b0ea00ccdf3}.Release|ARM64.ActiveCfg = Release|ARM64
		{8ee5aae3-9379-4443-b2b0-6b0ea00ccdf3}.Release|ARM64.Build.0 = Release|ARM64
		{8ee5aae3-9379-4443-b2b0-6b0ea00ccdf3}.Release|ARM64.Deploy.0 = Release|ARM64
		{8ee5aae3-9379-4443-b2b0-6b0ea00ccdf3}.Release|iPhone.ActiveCfg = Release|x86
		{8ee5aae3-9379-4443-b2b0-6b0ea00ccdf3}.Release|iPhone.Build.0 = Release|x86
		{8ee5aae3-9379-4443-b2b0-6b0ea00ccdf3}.Release|iPhoneSimulator.ActiveCfg = Release|x86
		{8ee5aae3-9379-4443-b2b0-6b0ea00ccdf3}.Release|iPhoneSimulator.Build.0 = Release|x86
		{8ee5aae3-9379-4443-b2b0-6b0ea00ccdf3}.Release|iPhoneSimulator.Deploy.0 = Release|x86
		{8ee5aae3-9379-4443-b2b0-6b0ea00ccdf3}.Release|x64.ActiveCfg = Release|x64
		{8ee5aae3-9379-4443-b2b0-6b0ea00ccdf3}.Release|x64.Build.0 = Release|x64
		{8ee5aae3-9379-4443-b2b0-6b0ea00ccdf3}.Release|x64.Deploy.0 = Release|x64
		{8ee5aae3-9379-4443-b2b0-6b0ea00ccdf3}.Release|x86.ActiveCfg = Release|x86
		{8ee5aae3-9379-4443-b2b0-6b0ea00ccdf3}.Release|x86.Build.0 = Release|x86
		{8ee5aae3-9379-4443-b2b0-6b0ea00ccdf3}.Release|x86.Deploy.0 = Release|x86
		{40EA03F7-8A22-4143-B251-79BAC3EB13D2}.Debug|Any CPU.ActiveCfg = Debug|Any CPU
		{40EA03F7-8A22-4143-B251-79BAC3EB13D2}.Debug|Any CPU.Build.0 = Debug|Any CPU
		{40EA03F7-8A22-4143-B251-79BAC3EB13D2}.Debug|ARM.ActiveCfg = Debug|Any CPU
		{40EA03F7-8A22-4143-B251-79BAC3EB13D2}.Debug|ARM.Build.0 = Debug|Any CPU
		{40EA03F7-8A22-4143-B251-79BAC3EB13D2}.Debug|ARM64.ActiveCfg = Debug|Any CPU
		{40EA03F7-8A22-4143-B251-79BAC3EB13D2}.Debug|ARM64.Build.0 = Debug|Any CPU
		{40EA03F7-8A22-4143-B251-79BAC3EB13D2}.Debug|iPhone.ActiveCfg = Debug|Any CPU
		{40EA03F7-8A22-4143-B251-79BAC3EB13D2}.Debug|iPhone.Build.0 = Debug|Any CPU
		{40EA03F7-8A22-4143-B251-79BAC3EB13D2}.Debug|iPhoneSimulator.ActiveCfg = Debug|Any CPU
		{40EA03F7-8A22-4143-B251-79BAC3EB13D2}.Debug|iPhoneSimulator.Build.0 = Debug|Any CPU
		{40EA03F7-8A22-4143-B251-79BAC3EB13D2}.Debug|x64.ActiveCfg = Debug|Any CPU
		{40EA03F7-8A22-4143-B251-79BAC3EB13D2}.Debug|x64.Build.0 = Debug|Any CPU
		{40EA03F7-8A22-4143-B251-79BAC3EB13D2}.Debug|x86.ActiveCfg = Debug|Any CPU
		{40EA03F7-8A22-4143-B251-79BAC3EB13D2}.Debug|x86.Build.0 = Debug|Any CPU
		{40EA03F7-8A22-4143-B251-79BAC3EB13D2}.Release|Any CPU.ActiveCfg = Release|Any CPU
		{40EA03F7-8A22-4143-B251-79BAC3EB13D2}.Release|Any CPU.Build.0 = Release|Any CPU
		{40EA03F7-8A22-4143-B251-79BAC3EB13D2}.Release|ARM.ActiveCfg = Release|Any CPU
		{40EA03F7-8A22-4143-B251-79BAC3EB13D2}.Release|ARM.Build.0 = Release|Any CPU
		{40EA03F7-8A22-4143-B251-79BAC3EB13D2}.Release|ARM64.ActiveCfg = Release|Any CPU
		{40EA03F7-8A22-4143-B251-79BAC3EB13D2}.Release|ARM64.Build.0 = Release|Any CPU
		{40EA03F7-8A22-4143-B251-79BAC3EB13D2}.Release|iPhone.ActiveCfg = Release|Any CPU
		{40EA03F7-8A22-4143-B251-79BAC3EB13D2}.Release|iPhone.Build.0 = Release|Any CPU
		{40EA03F7-8A22-4143-B251-79BAC3EB13D2}.Release|iPhoneSimulator.ActiveCfg = Release|Any CPU
		{40EA03F7-8A22-4143-B251-79BAC3EB13D2}.Release|iPhoneSimulator.Build.0 = Release|Any CPU
		{40EA03F7-8A22-4143-B251-79BAC3EB13D2}.Release|x64.ActiveCfg = Release|Any CPU
		{40EA03F7-8A22-4143-B251-79BAC3EB13D2}.Release|x64.Build.0 = Release|Any CPU
		{40EA03F7-8A22-4143-B251-79BAC3EB13D2}.Release|x86.ActiveCfg = Release|Any CPU
		{40EA03F7-8A22-4143-B251-79BAC3EB13D2}.Release|x86.Build.0 = Release|Any CPU
		{ee803d9f-4328-4b39-bca2-bf7a5de2f35c}.Debug|Any CPU.ActiveCfg = Debug|iPhoneSimulator
		{ee803d9f-4328-4b39-bca2-bf7a5de2f35c}.Debug|Any CPU.Build.0 = Debug|iPhoneSimulator
		{ee803d9f-4328-4b39-bca2-bf7a5de2f35c}.Debug|ARM.ActiveCfg = Debug|iPhoneSimulator
		{ee803d9f-4328-4b39-bca2-bf7a5de2f35c}.Debug|ARM64.ActiveCfg = Debug|iPhoneSimulator
		{ee803d9f-4328-4b39-bca2-bf7a5de2f35c}.Debug|iPhone.ActiveCfg = Debug|iPhoneSimulator
		{ee803d9f-4328-4b39-bca2-bf7a5de2f35c}.Debug|iPhone.Build.0 = Debug|iPhoneSimulator
		{ee803d9f-4328-4b39-bca2-bf7a5de2f35c}.Debug|iPhoneSimulator.ActiveCfg = Debug|iPhoneSimulator
		{ee803d9f-4328-4b39-bca2-bf7a5de2f35c}.Debug|iPhoneSimulator.Build.0 = Debug|iPhoneSimulator
		{ee803d9f-4328-4b39-bca2-bf7a5de2f35c}.Debug|x64.ActiveCfg = Debug|iPhoneSimulator
		{ee803d9f-4328-4b39-bca2-bf7a5de2f35c}.Debug|x64.Build.0 = Debug|iPhoneSimulator
		{ee803d9f-4328-4b39-bca2-bf7a5de2f35c}.Debug|x86.ActiveCfg = Debug|iPhoneSimulator
		{ee803d9f-4328-4b39-bca2-bf7a5de2f35c}.Debug|x86.Build.0 = Debug|iPhoneSimulator
		{ee803d9f-4328-4b39-bca2-bf7a5de2f35c}.Release|Any CPU.ActiveCfg = Release|iPhoneSimulator
		{ee803d9f-4328-4b39-bca2-bf7a5de2f35c}.Release|ARM.ActiveCfg = Release|iPhoneSimulator
		{ee803d9f-4328-4b39-bca2-bf7a5de2f35c}.Release|ARM64.ActiveCfg = Release|iPhoneSimulator
		{ee803d9f-4328-4b39-bca2-bf7a5de2f35c}.Release|iPhone.ActiveCfg = Release|iPhoneSimulator
		{ee803d9f-4328-4b39-bca2-bf7a5de2f35c}.Release|iPhone.Build.0 = Release|iPhoneSimulator
		{ee803d9f-4328-4b39-bca2-bf7a5de2f35c}.Release|iPhoneSimulator.ActiveCfg = Release|iPhoneSimulator
		{ee803d9f-4328-4b39-bca2-bf7a5de2f35c}.Release|iPhoneSimulator.Build.0 = Release|iPhoneSimulator
		{ee803d9f-4328-4b39-bca2-bf7a5de2f35c}.Release|x64.ActiveCfg = Release|iPhoneSimulator
		{ee803d9f-4328-4b39-bca2-bf7a5de2f35c}.Release|x64.Build.0 = Release|iPhoneSimulator
		{ee803d9f-4328-4b39-bca2-bf7a5de2f35c}.Release|x86.ActiveCfg = Release|iPhoneSimulator
		{ee803d9f-4328-4b39-bca2-bf7a5de2f35c}.Release|x86.Build.0 = Release|iPhoneSimulator
	EndGlobalSection
	GlobalSection(SolutionProperties) = preSolution
		HideSolutionNode = FALSE
	EndGlobalSection
	GlobalSection(ExtensibilityGlobals) = postSolution
		SolutionGuid = {C7433AE2-B1A0-4C1A-887E-5CAA7AAF67A6}
	EndGlobalSection
EndGlobal
